
Microsoft Visual Studio Solution File, Format Version 12.00
# Visual Studio Version 17
VisualStudioVersion = 17.0.31903.59
MinimumVisualStudioVersion = 10.0.40219.1
Project("{FAE04EC0-301F-11D3-BF4B-00C04F79EFBC}") = "Diesel_exhaust_fluid_API_console", "Diesel_exhaust_fluid_API_console\Diesel_exhaust_fluid_API_console.csproj", "{057E081E-2C9F-47FD-BE6E-CCB0490C9BD4}"
EndProject
Global
	GlobalSection(SolutionConfigurationPlatforms) = preSolution
		Debug|Any CPU = Debug|Any CPU
		Release|Any CPU = Release|Any CPU
	EndGlobalSection
	GlobalSection(ProjectConfigurationPlatforms) = postSolution
		{057E081E-2C9F-47FD-BE6E-CCB0490C9BD4}.Debug|Any CPU.ActiveCfg = Debug|Any CPU
		{057E081E-2C9F-47FD-BE6E-CCB0490C9BD4}.Debug|Any CPU.Build.0 = Debug|Any CPU
		{057E081E-2C9F-47FD-BE6E-CCB0490C9BD4}.Release|Any CPU.ActiveCfg = Release|Any CPU
		{057E081E-2C9F-47FD-BE6E-CCB0490C9BD4}.Release|Any CPU.Build.0 = Release|Any CPU
	EndGlobalSection
	GlobalSection(SolutionProperties) = preSolution
		HideSolutionNode = FALSE
	EndGlobalSection
	GlobalSection(ExtensibilityGlobals) = postSolution
		SolutionGuid = {F4D92AD0-43E5-450F-9A60-24A1B85B5C8D}
	EndGlobalSection
EndGlobal
